{
  "name": "predicop-backoffice",
  "lockfileVersion": 3,
  "requires": true,
  "packages": {
    "": {
      "name": "predicop-backoffice",
      "dependencies": {
        "tinymce": "^7",
        "tinymce-i18n": "*"
      }
    },
    "node_modules/tinymce": {
      "version": "7.9.3",
      "resolved": "https://registry.npmjs.org/tinymce/-/tinymce-7.9.3.tgz",
      "integrity": "sha512-Mtm54U5YJ6Pyo/GaAx+JSHXTGEuxrg2AowVWCD9zy1eBolp5Ub7S1rTtsyQdxhPegfhLuR3VLiTKGw1tacv09g==",
      "license": "GPL-2.0-or-later"
    },
    "node_modules/tinymce-i18n": {
      "version": "26.6.8",
      "resolved": "https://registry.npmjs.org/tinymce-i18n/-/tinymce-i18n-26.6.8.tgz",
      "integrity": "sha512-RqiDUfRPCWoXeCLVcOhLatGyX5faJ0WrR891/Q3u0EYZefSxJugH9bGzd57q4BK74wziCrVQLIa3XNBnXjMIng==",
      "license": "SEE LICENSE IN LICENSE.md"
    }
  }
}
